
Microsoft Visual Studio Solution File, Format Version 12.00
# Visual Studio Version 16
VisualStudioVersion = 16.0.31829.152
MinimumVisualStudioVersion = 10.0.40219.1
Project("{FAE04EC0-301F-11D3-BF4B-00C04F79EFBC}") = "ChainOfResponsibilityPattern", "ChainOfResponsibilityPattern\ChainOfResponsibilityPattern.csproj", "{444427D7-B70C-4BCE-981B-DD1ED9BDC82D}"
EndProject
Global
	GlobalSection(SolutionConfigurationPlatforms) = preSolution
		Debug|Any CPU = Debug|Any CPU
		Release|Any CPU = Release|Any CPU
	EndGlobalSection
	GlobalSection(ProjectConfigurationPlatforms) = postSolution
		{444427D7-B70C-4BCE-981B-DD1ED9BDC82D}.Debug|Any CPU.ActiveCfg = Debug|Any CPU
		{444427D7-B70C-4BCE-981B-DD1ED9BDC82D}.Debug|Any CPU.Build.0 = Debug|Any CPU
		{444427D7-B70C-4BCE-981B-DD1ED9BDC82D}.Release|Any CPU.ActiveCfg = Release|Any CPU
		{444427D7-B70C-4BCE-981B-DD1ED9BDC82D}.Release|Any CPU.Build.0 = Release|Any CPU
	EndGlobalSection
	GlobalSection(SolutionProperties) = preSolution
		HideSolutionNode = FALSE
	EndGlobalSection
	GlobalSection(ExtensibilityGlobals) = postSolution
		SolutionGuid = {9F5BDF69-010E-42B0-B7C7-C5E9631E8DE0}
	EndGlobalSection
EndGlobal
